
Microsoft Visual Studio Solution File, Format Version 12.00
# Visual Studio Version 16
VisualStudioVersion = 16.0.30503.244
MinimumVisualStudioVersion = 10.0.40219.1
Project("{FAE04EC0-301F-11D3-BF4B-00C04F79EFBC}") = "pizza.Android", "pizza\pizza.Android\pizza.Android.csproj", "{DE9E0EDA-0DC5-4517-87B4-1E3696CC3173}"
EndProject
Project("{FAE04EC0-301F-11D3-BF4B-00C04F79EFBC}") = "pizza", "pizza\pizza\pizza.csproj", "{45986445-0054-46D2-B2BF-17A1682138CE}"
EndProject
Global
	GlobalSection(SolutionConfigurationPlatforms) = preSolution
		Debug|Any CPU = Debug|Any CPU
		Release|Any CPU = Release|Any CPU
	EndGlobalSection
	GlobalSection(ProjectConfigurationPlatforms) = postSolution
		{DE9E0EDA-0DC5-4517-87B4-1E3696CC3173}.Debug|Any CPU.ActiveCfg = Debug|Any CPU
		{DE9E0EDA-0DC5-4517-87B4-1E3696CC3173}.Debug|Any CPU.Build.0 = Debug|Any CPU
		{DE9E0EDA-0DC5-4517-87B4-1E3696CC3173}.Debug|Any CPU.Deploy.0 = Debug|Any CPU
		{DE9E0EDA-0DC5-4517-87B4-1E3696CC3173}.Release|Any CPU.ActiveCfg = Release|Any CPU
		{DE9E0EDA-0DC5-4517-87B4-1E3696CC3173}.Release|Any CPU.Build.0 = Release|Any CPU
		{DE9E0EDA-0DC5-4517-87B4-1E3696CC3173}.Release|Any CPU.Deploy.0 = Release|Any CPU
		{45986445-0054-46D2-B2BF-17A1682138CE}.Debug|Any CPU.ActiveCfg = Debug|Any CPU
		{45986445-0054-46D2-B2BF-17A1682138CE}.Debug|Any CPU.Build.0 = Debug|Any CPU
		{45986445-0054-46D2-B2BF-17A1682138CE}.Debug|Any CPU.Deploy.0 = Debug|Any CPU
		{45986445-0054-46D2-B2BF-17A1682138CE}.Release|Any CPU.ActiveCfg = Release|Any CPU
		{45986445-0054-46D2-B2BF-17A1682138CE}.Release|Any CPU.Build.0 = Release|Any CPU
		{45986445-0054-46D2-B2BF-17A1682138CE}.Release|Any CPU.Deploy.0 = Release|Any CPU
	EndGlobalSection
	GlobalSection(SolutionProperties) = preSolution
		HideSolutionNode = FALSE
	EndGlobalSection
	GlobalSection(ExtensibilityGlobals) = postSolution
		SolutionGuid = {E08E8FA0-CA78-42DF-8C0A-E693DFE67952}
	EndGlobalSection
EndGlobal
